
Microsoft Visual Studio Solution File, Format Version 12.00
# Visual Studio Version 17
VisualStudioVersion = 17.0.31903.59
MinimumVisualStudioVersion = 10.0.40219.1
Project("{2150E333-8FDC-42A3-9474-1A3956D46DE8}") = "src", "src", "{827E0CD3-B72D-47B6-A68D-7590B98EB39B}"
EndProject
Project("{FAE04EC0-301F-11D3-BF4B-00C04F79EFBC}") = "CLEAN-Pl.Domain", "src\CLEAN-Pl.Domain\CLEAN-Pl.Domain.csproj", "{436869D1-DD62-4935-ADD5-6925C621840C}"
EndProject
Project("{FAE04EC0-301F-11D3-BF4B-00C04F79EFBC}") = "CLEAN-Pl.Application", "src\CLEAN-Pl.Application\CLEAN-Pl.Application.csproj", "{945B677A-2CD9-4DCF-A0FE-528ABDF82A8D}"
EndProject
Project("{FAE04EC0-301F-11D3-BF4B-00C04F79EFBC}") = "CLEAN-Pl.Infrastructure", "src\CLEAN-Pl.Infrastructure\CLEAN-Pl.Infrastructure.csproj", "{A9EA60CA-77C0-4175-9755-5B1485D2F1DE}"
EndProject
Project("{FAE04EC0-301F-11D3-BF4B-00C04F79EFBC}") = "CLEAN-Pl.API", "src\CLEAN-Pl.API\CLEAN-Pl.API.csproj", "{6862F0C5-F2B1-41FD-A7B8-1E191478A4FD}"
EndProject
Project("{2150E333-8FDC-42A3-9474-1A3956D46DE8}") = "tests", "tests", "{0AB3BF05-4346-4AA6-1389-037BE0695223}"
EndProject
Project("{FAE04EC0-301F-11D3-BF4B-00C04F79EFBC}") = "CLEAN-Pl.UnitTests", "tests\CLEAN-Pl.UnitTests\CLEAN-Pl.UnitTests.csproj", "{399A104F-EA81-4D07-BCF1-C05DBA660A8E}"
EndProject
Project("{FAE04EC0-301F-11D3-BF4B-00C04F79EFBC}") = "CLEAN-Pl.IntegrationTests", "tests\CLEAN-Pl.IntegrationTests\CLEAN-Pl.IntegrationTests.csproj", "{FB76506F-E3D4-4728-A701-7E304B776296}"
EndProject
Global
	GlobalSection(SolutionConfigurationPlatforms) = preSolution
		Debug|Any CPU = Debug|Any CPU
		Debug|x64 = Debug|x64
		Debug|x86 = Debug|x86
		Release|Any CPU = Release|Any CPU
		Release|x64 = Release|x64
		Release|x86 = Release|x86
	EndGlobalSection
	GlobalSection(ProjectConfigurationPlatforms) = postSolution
		{436869D1-DD62-4935-ADD5-6925C621840C}.Debug|Any CPU.ActiveCfg = Debug|Any CPU
		{436869D1-DD62-4935-ADD5-6925C621840C}.Debug|Any CPU.Build.0 = Debug|Any CPU
		{436869D1-DD62-4935-ADD5-6925C621840C}.Debug|x64.ActiveCfg = Debug|Any CPU
		{436869D1-DD62-4935-ADD5-6925C621840C}.Debug|x64.Build.0 = Debug|Any CPU
		{436869D1-DD62-4935-ADD5-6925C621840C}.Debug|x86.ActiveCfg = Debug|Any CPU
		{436869D1-DD62-4935-ADD5-6925C621840C}.Debug|x86.Build.0 = Debug|Any CPU
		{436869D1-DD62-4935-ADD5-6925C621840C}.Release|Any CPU.ActiveCfg = Release|Any CPU
		{436869D1-DD62-4935-ADD5-6925C621840C}.Release|Any CPU.Build.0 = Release|Any CPU
		{436869D1-DD62-4935-ADD5-6925C621840C}.Release|x64.ActiveCfg = Release|Any CPU
		{436869D1-DD62-4935-ADD5-6925C621840C}.Release|x64.Build.0 = Release|Any CPU
		{436869D1-DD62-4935-ADD5-6925C621840C}.Release|x86.ActiveCfg = Release|Any CPU
		{436869D1-DD62-4935-ADD5-6925C621840C}.Release|x86.Build.0 = Release|Any CPU
		{945B677A-2CD9-4DCF-A0FE-528ABDF82A8D}.Debug|Any CPU.ActiveCfg = Debug|Any CPU
		{945B677A-2CD9-4DCF-A0FE-528ABDF82A8D}.Debug|Any CPU.Build.0 = Debug|Any CPU
		{945B677A-2CD9-4DCF-A0FE-528ABDF82A8D}.Debug|x64.ActiveCfg = Debug|Any CPU
		{945B677A-2CD9-4DCF-A0FE-528ABDF82A8D}.Debug|x64.Build.0 = Debug|Any CPU
		{945B677A-2CD9-4DCF-A0FE-528ABDF82A8D}.Debug|x86.ActiveCfg = Debug|Any CPU
		{945B677A-2CD9-4DCF-A0FE-528ABDF82A8D}.Debug|x86.Build.0 = Debug|Any CPU
		{945B677A-2CD9-4DCF-A0FE-528ABDF82A8D}.Release|Any CPU.ActiveCfg = Release|Any CPU
		{945B677A-2CD9-4DCF-A0FE-528ABDF82A8D}.Release|Any CPU.Build.0 = Release|Any CPU
		{945B677A-2CD9-4DCF-A0FE-528ABDF82A8D}.Release|x64.ActiveCfg = Release|Any CPU
		{945B677A-2CD9-4DCF-A0FE-528ABDF82A8D}.Release|x64.Build.0 = Release|Any CPU
		{945B677A-2CD9-4DCF-A0FE-528ABDF82A8D}.Release|x86.ActiveCfg = Release|Any CPU
		{945B677A-2CD9-4DCF-A0FE-528ABDF82A8D}.Release|x86.Build.0 = Release|Any CPU
		{A9EA60CA-77C0-4175-9755-5B1485D2F1DE}.Debug|Any CPU.ActiveCfg = Debug|Any CPU
		{A9EA60CA-77C0-4175-9755-5B1485D2F1DE}.Debug|Any CPU.Build.0 = Debug|Any CPU
		{A9EA60CA-77C0-4175-9755-5B1485D2F1DE}.Debug|x64.ActiveCfg = Debug|Any CPU
		{A9EA60CA-77C0-4175-9755-5B1485D2F1DE}.Debug|x64.Build.0 = Debug|Any CPU
		{A9EA60CA-77C0-4175-9755-5B1485D2F1DE}.Debug|x86.ActiveCfg = Debug|Any CPU
		{A9EA60CA-77C0-4175-9755-5B1485D2F1DE}.Debug|x86.Build.0 = Debug|Any CPU
		{A9EA60CA-77C0-4175-9755-5B1485D2F1DE}.Release|Any CPU.ActiveCfg = Release|Any CPU
		{A9EA60CA-77C0-4175-9755-5B1485D2F1DE}.Release|Any CPU.Build.0 = Release|Any CPU
		{A9EA60CA-77C0-4175-9755-5B1485D2F1DE}.Release|x64.ActiveCfg = Release|Any CPU
		{A9EA60CA-77C0-4175-9755-5B1485D2F1DE}.Release|x64.Build.0 = Release|Any CPU
		{A9EA60CA-77C0-4175-9755-5B1485D2F1DE}.Release|x86.ActiveCfg = Release|Any CPU
		{A9EA60CA-77C0-4175-9755-5B1485D2F1DE}.Release|x86.Build.0 = Release|Any CPU
		{6862F0C5-F2B1-41FD-A7B8-1E191478A4FD}.Debug|Any CPU.ActiveCfg = Debug|Any CPU
		{6862F0C5-F2B1-41FD-A7B8-1E191478A4FD}.Debug|Any CPU.Build.0 = Debug|Any CPU
		{6862F0C5-F2B1-41FD-A7B8-1E191478A4FD}.Debug|x64.ActiveCfg = Debug|Any CPU
		{6862F0C5-F2B1-41FD-A7B8-1E191478A4FD}.Debug|x64.Build.0 = Debug|Any CPU
		{6862F0C5-F2B1-41FD-A7B8-1E191478A4FD}.Debug|x86.ActiveCfg = Debug|Any CPU
		{6862F0C5-F2B1-41FD-A7B8-1E191478A4FD}.Debug|x86.Build.0 = Debug|Any CPU
		{6862F0C5-F2B1-41FD-A7B8-1E191478A4FD}.Release|Any CPU.ActiveCfg = Release|Any CPU
		{6862F0C5-F2B1-41FD-A7B8-1E191478A4FD}.Release|Any CPU.Build.0 = Release|Any CPU
		{6862F0C5-F2B1-41FD-A7B8-1E191478A4FD}.Release|x64.ActiveCfg = Release|Any CPU
		{6862F0C5-F2B1-41FD-A7B8-1E191478A4FD}.Release|x64.Build.0 = Release|Any CPU
		{6862F0C5-F2B1-41FD-A7B8-1E191478A4FD}.Release|x86.ActiveCfg = Release|Any CPU
		{6862F0C5-F2B1-41FD-A7B8-1E191478A4FD}.Release|x86.Build.0 = Release|Any CPU
		{399A104F-EA81-4D07-BCF1-C05DBA660A8E}.Debug|Any CPU.ActiveCfg = Debug|Any CPU
		{399A104F-EA81-4D07-BCF1-C05DBA660A8E}.Debug|Any CPU.Build.0 = Debug|Any CPU
		{399A104F-EA81-4D07-BCF1-C05DBA660A8E}.Debug|x64.ActiveCfg = Debug|Any CPU
		{399A104F-EA81-4D07-BCF1-C05DBA660A8E}.Debug|x64.Build.0 = Debug|Any CPU
		{399A104F-EA81-4D07-BCF1-C05DBA660A8E}.Debug|x86.ActiveCfg = Debug|Any CPU
		{399A104F-EA81-4D07-BCF1-C05DBA660A8E}.Debug|x86.Build.0 = Debug|Any CPU
		{399A104F-EA81-4D07-BCF1-C05DBA660A8E}.Release|Any CPU.ActiveCfg = Release|Any CPU
		{399A104F-EA81-4D07-BCF1-C05DBA660A8E}.Release|Any CPU.Build.0 = Release|Any CPU
		{399A104F-EA81-4D07-BCF1-C05DBA660A8E}.Release|x64.ActiveCfg = Release|Any CPU
		{399A104F-EA81-4D07-BCF1-C05DBA660A8E}.Release|x64.Build.0 = Release|Any CPU
		{399A104F-EA81-4D07-BCF1-C05DBA660A8E}.Release|x86.ActiveCfg = Release|Any CPU
		{399A104F-EA81-4D07-BCF1-C05DBA660A8E}.Release|x86.Build.0 = Release|Any CPU
		{FB76506F-E3D4-4728-A701-7E304B776296}.Debug|Any CPU.ActiveCfg = Debug|Any CPU
		{FB76506F-E3D4-4728-A701-7E304B776296}.Debug|Any CPU.Build.0 = Debug|Any CPU
		{FB76506F-E3D4-4728-A701-7E304B776296}.Debug|x64.ActiveCfg = Debug|Any CPU
		{FB76506F-E3D4-4728-A701-7E304B776296}.Debug|x64.Build.0 = Debug|Any CPU
		{FB76506F-E3D4-4728-A701-7E304B776296}.Debug|x86.ActiveCfg = Debug|Any CPU
		{FB76506F-E3D4-4728-A701-7E304B776296}.Debug|x86.Build.0 = Debug|Any CPU
		{FB76506F-E3D4-4728-A701-7E304B776296}.Release|Any CPU.ActiveCfg = Release|Any CPU
		{FB76506F-E3D4-4728-A701-7E304B776296}.Release|Any CPU.Build.0 = Release|Any CPU
		{FB76506F-E3D4-4728-A701-7E304B776296}.Release|x64.ActiveCfg = Release|Any CPU
		{FB76506F-E3D4-4728-A701-7E304B776296}.Release|x64.Build.0 = Release|Any CPU
		{FB76506F-E3D4-4728-A701-7E304B776296}.Release|x86.ActiveCfg = Release|Any CPU
		{FB76506F-E3D4-4728-A701-7E304B776296}.Release|x86.Build.0 = Release|Any CPU
	EndGlobalSection
	GlobalSection(SolutionProperties) = preSolution
		HideSolutionNode = FALSE
	EndGlobalSection
	GlobalSection(NestedProjects) = preSolution
		{436869D1-DD62-4935-ADD5-6925C621840C} = {827E0CD3-B72D-47B6-A68D-7590B98EB39B}
		{945B677A-2CD9-4DCF-A0FE-528ABDF82A8D} = {827E0CD3-B72D-47B6-A68D-7590B98EB39B}
		{A9EA60CA-77C0-4175-9755-5B1485D2F1DE} = {827E0CD3-B72D-47B6-A68D-7590B98EB39B}
		{6862F0C5-F2B1-41FD-A7B8-1E191478A4FD} = {827E0CD3-B72D-47B6-A68D-7590B98EB39B}
		{399A104F-EA81-4D07-BCF1-C05DBA660A8E} = {0AB3BF05-4346-4AA6-1389-037BE0695223}
		{FB76506F-E3D4-4728-A701-7E304B776296} = {0AB3BF05-4346-4AA6-1389-037BE0695223}
	EndGlobalSection
EndGlobal
